
Microsoft Visual Studio Solution File, Format Version 12.00
# Visual Studio Version 17
VisualStudioVersion = 17.9.34723.18
MinimumVisualStudioVersion = 10.0.40219.1
Project("{FAE04EC0-301F-11D3-BF4B-00C04F79EFBC}") = "Eco_Bicycle_for_Rent.Presentation", "Eco_Bicycle_for_Rent.Presentation\Eco_Bicycle_for_Rent.Presentation.csproj", "{98091B28-E654-45D6-9487-768E013F6C37}"
EndProject
Project("{FAE04EC0-301F-11D3-BF4B-00C04F79EFBC}") = "Eco_Bicycle_for_Rent.DataAccess", "Eco_Bicycle_for_Rent.DataAccess\Eco_Bicycle_for_Rent.DataAccess.csproj", "{C1FFA841-97E3-4781-BC22-66C2FB9C499A}"
EndProject
Project("{FAE04EC0-301F-11D3-BF4B-00C04F79EFBC}") = "Eco_Bicycle_for_Rent.Bussiness", "Eco_Bicycle_for_Rent.Bussiness\Eco_Bicycle_for_Rent.Bussiness.csproj", "{1A137333-A03A-41EC-A71C-878B46B749CC}"
EndProject
Global
	GlobalSection(SolutionConfigurationPlatforms) = preSolution
		Debug|Any CPU = Debug|Any CPU
		Release|Any CPU = Release|Any CPU
	EndGlobalSection
	GlobalSection(ProjectConfigurationPlatforms) = postSolution
		{98091B28-E654-45D6-9487-768E013F6C37}.Debug|Any CPU.ActiveCfg = Debug|Any CPU
		{98091B28-E654-45D6-9487-768E013F6C37}.Debug|Any CPU.Build.0 = Debug|Any CPU
		{98091B28-E654-45D6-9487-768E013F6C37}.Release|Any CPU.ActiveCfg = Release|Any CPU
		{98091B28-E654-45D6-9487-768E013F6C37}.Release|Any CPU.Build.0 = Release|Any CPU
		{C1FFA841-97E3-4781-BC22-66C2FB9C499A}.Debug|Any CPU.ActiveCfg = Debug|Any CPU
		{C1FFA841-97E3-4781-BC22-66C2FB9C499A}.Debug|Any CPU.Build.0 = Debug|Any CPU
		{C1FFA841-97E3-4781-BC22-66C2FB9C499A}.Release|Any CPU.ActiveCfg = Release|Any CPU
		{C1FFA841-97E3-4781-BC22-66C2FB9C499A}.Release|Any CPU.Build.0 = Release|Any CPU
		{1A137333-A03A-41EC-A71C-878B46B749CC}.Debug|Any CPU.ActiveCfg = Debug|Any CPU
		{1A137333-A03A-41EC-A71C-878B46B749CC}.Debug|Any CPU.Build.0 = Debug|Any CPU
		{1A137333-A03A-41EC-A71C-878B46B749CC}.Release|Any CPU.ActiveCfg = Release|Any CPU
		{1A137333-A03A-41EC-A71C-878B46B749CC}.Release|Any CPU.Build.0 = Release|Any CPU
	EndGlobalSection
	GlobalSection(SolutionProperties) = preSolution
		HideSolutionNode = FALSE
	EndGlobalSection
	GlobalSection(ExtensibilityGlobals) = postSolution
		SolutionGuid = {29937C28-2ECC-4708-AB86-18B78AAFD2F2}
	EndGlobalSection
EndGlobal
